{
  "version": "3",
  "packages": {
    "specifiers": {
      "npm:@types/node": "npm:@types/node@18.16.19",
      "npm:fs": "npm:fs@0.0.1-security",
      "npm:path": "npm:path@0.12.7"
    },
    "npm": {
      "@types/node@18.16.19": {
        "integrity": "sha512-IXl7o+R9iti9eBW4Wg2hx1xQDig183jj7YLn8F7udNceyfkbn1ZxmzZXuak20gR40D7pIkIY1kYGx5VIGbaHKA==",
        "dependencies": {}
      },
      "fs@0.0.1-security": {
        "integrity": "sha512-3XY9e1pP0CVEUCdj5BmfIZxRBTSDycnbqhIOGec9QYtmVH2fbLpj86CFWkrNOkt/Fvty4KZG5lTglL9j/gJ87w==",
        "dependencies": {}
      },
      "inherits@2.0.3": {
        "integrity": "sha512-x00IRNXNy63jwGkJmzPigoySHbaqpNuzKbBOmzK+g2OdZpQ9w+sxCN+VSB3ja7IAge2OP2qpfxTjeNcyjmW1uw==",
        "dependencies": {}
      },
      "path@0.12.7": {
        "integrity": "sha512-aXXC6s+1w7otVF9UletFkFcDsJeO7lSZBPUQhtb5O0xJe8LtYhj/GxldoL09bBj9+ZmE2hNoHqQSFMN5fikh4Q==",
        "dependencies": {
          "process": "process@0.11.10",
          "util": "util@0.10.4"
        }
      },
      "process@0.11.10": {
        "integrity": "sha512-cdGef/drWFoydD1JsMzuFf8100nZl+GT+yacc2bEced5f9Rjk4z+WtFUTBu9PhOi9j/jfmBPu0mMEY4wIdAF8A==",
        "dependencies": {}
      },
      "util@0.10.4": {
        "integrity": "sha512-0Pm9hTQ3se5ll1XihRic3FDIku70C+iHUdT/W926rSgHV5QgXsYbKZN8MSC3tJtSkhuROzvsQjAaFENRXr+19A==",
        "dependencies": {
          "inherits": "inherits@2.0.3"
        }
      }
    }
  },
  "remote": {}
}
